Microsoft Visual Studio Solution File, Format Version 12.00
# Visual Studio Version 17
VisualStudioVersion = 17.5.2.0
MinimumVisualStudioVersion = 10.0.40219.1
Project("{FAE04EC0-301F-11D3-BF4B-00C04F79EFBC}") = "Examen_MVC", "Examen_MVC.csproj", "{5F8F6A1E-B7AD-C55D-855F-1733D2D51A8A}"
EndProject
Global
	GlobalSection(SolutionConfigurationPlatforms) = preSolution
		Debug|Any CPU = Debug|Any CPU
		Release|Any CPU = Release|Any CPU
	EndGlobalSection
	GlobalSection(ProjectConfigurationPlatforms) = postSolution
		{5F8F6A1E-B7AD-C55D-855F-1733D2D51A8A}.Debug|Any CPU.ActiveCfg = Debug|Any CPU
		{5F8F6A1E-B7AD-C55D-855F-1733D2D51A8A}.Debug|Any CPU.Build.0 = Debug|Any CPU
		{5F8F6A1E-B7AD-C55D-855F-1733D2D51A8A}.Release|Any CPU.ActiveCfg = Release|Any CPU
		{5F8F6A1E-B7AD-C55D-855F-1733D2D51A8A}.Release|Any CPU.Build.0 = Release|Any CPU
	EndGlobalSection
	GlobalSection(SolutionProperties) = preSolution
		HideSolutionNode = FALSE
	EndGlobalSection
	GlobalSection(ExtensibilityGlobals) = postSolution
		SolutionGuid = {14ACE196-C138-4FC8-8223-244F5BAADC95}
	EndGlobalSection
EndGlobal
